{
  "version": "2",
  "remote": {},
  "npm": {
    "specifiers": { "typescript": "typescript@4.9.4" },
    "packages": {
      "typescript@4.9.4": {
        "integrity": "sha512-Uz+dTXYzxXXbsFpM86Wh3dKCxrQqUcVMxwU54orwlJjOpO3ao8L7j5lH+dWfTwgCwIuM9GQ2kvVotzYJMXTBZg==",
        "dependencies": {}
      }
    }
  }
}
